{
  "nodes": {
    "aiosqlitemydataclass": {
      "inputs": {
        "flake-utils": [
          "flake-utils"
        ],
        "nixpkgs": [
          "nixpkgs"
        ]
      },
      "locked": {
        "lastModified": 1707828859,
        "narHash": "sha256-6ZxPEMvU77e8t16wvFD0Iy0sZfJDVpaA8nDKi96wl3Y=",
        "owner": "t184256",
        "repo": "aiosqlitemydataclass",
        "rev": "4ba62079497be98bd97308f2c63da94fa7e14daa",
        "type": "github"
      },
      "original": {
        "owner": "t184256",
        "repo": "aiosqlitemydataclass",
        "type": "github"
      }
    },
    "asyncio-loop-local": {
      "inputs": {
        "flake-utils": [
          "flake-utils"
        ],
        "nixpkgs": [
          "nixpkgs"
        ]
      },
      "locked": {
        "lastModified": 1707827949,
        "narHash": "sha256-j8iZFeVnTCKOghDFZBAQLMPwmGLLh40NTBE8om/v+BY=",
        "owner": "t184256",
        "repo": "asyncio-loop-local",
        "rev": "4764b203320444763d9576f96f2d9539ead3e753",
        "type": "github"
      },
      "original": {
        "owner": "t184256",
        "repo": "asyncio-loop-local",
        "type": "github"
      }
    },
    "awaitable-property": {
      "inputs": {
        "flake-utils": [
          "flake-utils"
        ],
        "nixpkgs": [
          "nixpkgs"
        ]
      },
      "locked": {
        "lastModified": 1707835624,
        "narHash": "sha256-hVUVcXkNAcZdPnzbLHu5uKTlZ3mh2N6+oVl2kzlhs+U=",
        "owner": "t184256",
        "repo": "awaitable-property",
        "rev": "5578e9cebb1c2c8d8da5c852372d6cc79cf21607",
        "type": "github"
      },
      "original": {
        "owner": "t184256",
        "repo": "awaitable-property",
        "type": "github"
      }
    },
    "flake-utils": {
      "inputs": {
        "systems": "systems"
      },
      "locked": {
        "lastModified": 1705309234,
        "narHash": "sha256-uNRRNRKmJyCRC/8y1RqBkqWBLM034y4qN7EprSdmgyA=",
        "owner": "numtide",
        "repo": "flake-utils",
        "rev": "1ef2e671c3b0c19053962c07dbda38332dcebf26",
        "type": "github"
      },
      "original": {
        "id": "flake-utils",
        "type": "indirect"
      }
    },
    "nixpkgs": {
      "locked": {
        "lastModified": 1708407374,
        "narHash": "sha256-EECzarm+uqnNDCwaGg/ppXCO11qibZ1iigORShkkDf0=",
        "owner": "NixOS",
        "repo": "nixpkgs",
        "rev": "f33dd27a47ebdf11dc8a5eb05e7c8fbdaf89e73f",
        "type": "github"
      },
      "original": {
        "id": "nixpkgs",
        "type": "indirect"
      }
    },
    "root": {
      "inputs": {
        "aiosqlitemydataclass": "aiosqlitemydataclass",
        "asyncio-loop-local": "asyncio-loop-local",
        "awaitable-property": "awaitable-property",
        "flake-utils": "flake-utils",
        "nixpkgs": "nixpkgs"
      }
    },
    "systems": {
      "locked": {
        "lastModified": 1681028828,
        "narHash": "sha256-Vy1rq5AaRuLzOxct8nz4T6wlgyUR7zLU309k9mBC768=",
        "owner": "nix-systems",
        "repo": "default",
        "rev": "da67096a3b9bf56a91d16901293e51ba5b49a27e",
        "type": "github"
      },
      "original": {
        "owner": "nix-systems",
        "repo": "default",
        "type": "github"
      }
    }
  },
  "root": "root",
  "version": 7
}
